
Microsoft Visual Studio Solution File, Format Version 12.00
# Visual Studio Version 16
VisualStudioVersion = 16.0.29609.76
MinimumVisualStudioVersion = 10.0.40219.1
Project("{FAE04EC0-301F-11D3-BF4B-00C04F79EFBC}") = "MyDictionaryHomework", "MyDictionaryHomework\MyDictionaryHomework.csproj", "{31279543-9886-4A59-AB87-4723205CB2E6}"
EndProject
Global
	GlobalSection(SolutionConfigurationPlatforms) = preSolution
		Debug|Any CPU = Debug|Any CPU
		Release|Any CPU = Release|Any CPU
	EndGlobalSection
	GlobalSection(ProjectConfigurationPlatforms) = postSolution
		{31279543-9886-4A59-AB87-4723205CB2E6}.Debug|Any CPU.ActiveCfg = Debug|Any CPU
		{31279543-9886-4A59-AB87-4723205CB2E6}.Debug|Any CPU.Build.0 = Debug|Any CPU
		{31279543-9886-4A59-AB87-4723205CB2E6}.Release|Any CPU.ActiveCfg = Release|Any CPU
		{31279543-9886-4A59-AB87-4723205CB2E6}.Release|Any CPU.Build.0 = Release|Any CPU
	EndGlobalSection
	GlobalSection(SolutionProperties) = preSolution
		HideSolutionNode = FALSE
	EndGlobalSection
	GlobalSection(ExtensibilityGlobals) = postSolution
		SolutionGuid = {70AE06D1-5D6D-4B65-B6AB-69C9EA28817E}
	EndGlobalSection
EndGlobal
